
Microsoft Visual Studio Solution File, Format Version 12.00
# Visual Studio 2013
VisualStudioVersion = 12.0.31101.0
MinimumVisualStudioVersion = 10.0.40219.1
Project("{8BC9CEB8-8B4A-11D0-8D11-00A0C91BC942}") = "RPG_Tutorial", "RPG_Tutorial\RPG_Tutorial.vcxproj", "{026A1663-2881-45FC-A1A4-1C50416BB005}"
EndProject
Project("{8BC9CEB8-8B4A-11D0-8D11-00A0C91BC942}") = "Test", "Test\Test.vcxproj", "{31F9CC58-4306-4722-9377-BC2E2E4DCC2B}"
	ProjectSection(ProjectDependencies) = postProject
		{026A1663-2881-45FC-A1A4-1C50416BB005} = {026A1663-2881-45FC-A1A4-1C50416BB005}
	EndProjectSection
EndProject
Global
	GlobalSection(SolutionConfigurationPlatforms) = preSolution
		Debug|Win32 = Debug|Win32
		Release|Win32 = Release|Win32
	EndGlobalSection
	GlobalSection(ProjectConfigurationPlatforms) = postSolution
		{026A1663-2881-45FC-A1A4-1C50416BB005}.Debug|Win32.ActiveCfg = Debug|Win32
		{026A1663-2881-45FC-A1A4-1C50416BB005}.Debug|Win32.Build.0 = Debug|Win32
		{026A1663-2881-45FC-A1A4-1C50416BB005}.Release|Win32.ActiveCfg = Release|Win32
		{026A1663-2881-45FC-A1A4-1C50416BB005}.Release|Win32.Build.0 = Release|Win32
		{31F9CC58-4306-4722-9377-BC2E2E4DCC2B}.Debug|Win32.ActiveCfg = Debug|Win32
		{31F9CC58-4306-4722-9377-BC2E2E4DCC2B}.Debug|Win32.Build.0 = Debug|Win32
		{31F9CC58-4306-4722-9377-BC2E2E4DCC2B}.Release|Win32.ActiveCfg = Release|Win32
		{31F9CC58-4306-4722-9377-BC2E2E4DCC2B}.Release|Win32.Build.0 = Release|Win32
	EndGlobalSection
	GlobalSection(SolutionProperties) = preSolution
		HideSolutionNode = FALSE
	EndGlobalSection
EndGlobal
